
Microsoft Visual Studio Solution File, Format Version 11.00
# Visual Studio 2010
Project("{F184B08F-C81C-45F6-A57F-5ABD9991F28F}") = "SmartHome_project", "SmartHome_project\SmartHome_project.vbproj", "{6E270877-48E1-4DCA-9488-0D44DDEE7A87}"
EndProject
Global
	GlobalSection(SolutionConfigurationPlatforms) = preSolution
		Debug|x86 = Debug|x86
		Release|x86 = Release|x86
	EndGlobalSection
	GlobalSection(ProjectConfigurationPlatforms) = postSolution
		{6E270877-48E1-4DCA-9488-0D44DDEE7A87}.Debug|x86.ActiveCfg = Debug|x86
		{6E270877-48E1-4DCA-9488-0D44DDEE7A87}.Debug|x86.Build.0 = Debug|x86
		{6E270877-48E1-4DCA-9488-0D44DDEE7A87}.Release|x86.ActiveCfg = Release|x86
		{6E270877-48E1-4DCA-9488-0D44DDEE7A87}.Release|x86.Build.0 = Release|x86
	EndGlobalSection
	GlobalSection(SolutionProperties) = preSolution
		HideSolutionNode = FALSE
	EndGlobalSection
EndGlobal
